
Microsoft Visual Studio Solution File, Format Version 12.00
# Visual Studio 15
VisualStudioVersion = 15.0.27004.2009
MinimumVisualStudioVersion = 10.0.40219.1
Project("{FAE04EC0-301F-11D3-BF4B-00C04F79EFBC}") = "Cal", "Cal\Cal.csproj", "{18D2DB1B-C182-43E9-9DAF-76793AFF25ED}"
EndProject
Global
	GlobalSection(SolutionConfigurationPlatforms) = preSolution
		Debug|Any CPU = Debug|Any CPU
		Release|Any CPU = Release|Any CPU
	EndGlobalSection
	GlobalSection(ProjectConfigurationPlatforms) = postSolution
		{18D2DB1B-C182-43E9-9DAF-76793AFF25ED}.Debug|Any CPU.ActiveCfg = Release|Any CPU
		{18D2DB1B-C182-43E9-9DAF-76793AFF25ED}.Debug|Any CPU.Build.0 = Release|Any CPU
		{18D2DB1B-C182-43E9-9DAF-76793AFF25ED}.Release|Any CPU.ActiveCfg = Release|Any CPU
		{18D2DB1B-C182-43E9-9DAF-76793AFF25ED}.Release|Any CPU.Build.0 = Release|Any CPU
	EndGlobalSection
	GlobalSection(SolutionProperties) = preSolution
		HideSolutionNode = FALSE
	EndGlobalSection
	GlobalSection(ExtensibilityGlobals) = postSolution
		SolutionGuid = {D611F7B4-09E5-4147-8F01-796EAEE455D3}
	EndGlobalSection
EndGlobal
